
Microsoft Visual Studio Solution File, Format Version 12.00
# Visual Studio Version 16
VisualStudioVersion = 16.0.31205.134
MinimumVisualStudioVersion = 10.0.40219.1
Project("{FAE04EC0-301F-11D3-BF4B-00C04F79EFBC}") = "CSharpBasics", "CSharpBasics\CSharpBasics.csproj", "{8739BEBD-CD8A-49C1-9D09-C16F2DA91593}"
EndProject
Project("{FAE04EC0-301F-11D3-BF4B-00C04F79EFBC}") = "MainLibrary", "MainLibrary\MainLibrary.csproj", "{F6CD5C27-4EA2-4F0E-A284-D1B4F925F6AD}"
EndProject
Global
	GlobalSection(SolutionConfigurationPlatforms) = preSolution
		Debug|Any CPU = Debug|Any CPU
		Release|Any CPU = Release|Any CPU
	EndGlobalSection
	GlobalSection(ProjectConfigurationPlatforms) = postSolution
		{8739BEBD-CD8A-49C1-9D09-C16F2DA91593}.Debug|Any CPU.ActiveCfg = Debug|Any CPU
		{8739BEBD-CD8A-49C1-9D09-C16F2DA91593}.Debug|Any CPU.Build.0 = Debug|Any CPU
		{8739BEBD-CD8A-49C1-9D09-C16F2DA91593}.Release|Any CPU.ActiveCfg = Release|Any CPU
		{8739BEBD-CD8A-49C1-9D09-C16F2DA91593}.Release|Any CPU.Build.0 = Release|Any CPU
		{F6CD5C27-4EA2-4F0E-A284-D1B4F925F6AD}.Debug|Any CPU.ActiveCfg = Debug|Any CPU
		{F6CD5C27-4EA2-4F0E-A284-D1B4F925F6AD}.Debug|Any CPU.Build.0 = Debug|Any CPU
		{F6CD5C27-4EA2-4F0E-A284-D1B4F925F6AD}.Release|Any CPU.ActiveCfg = Release|Any CPU
		{F6CD5C27-4EA2-4F0E-A284-D1B4F925F6AD}.Release|Any CPU.Build.0 = Release|Any CPU
	EndGlobalSection
	GlobalSection(SolutionProperties) = preSolution
		HideSolutionNode = FALSE
	EndGlobalSection
	GlobalSection(ExtensibilityGlobals) = postSolution
		SolutionGuid = {7BFDBAF2-D62B-4F9E-9659-20209E9614F8}
	EndGlobalSection
EndGlobal
